
Microsoft Visual Studio Solution File, Format Version 12.00
# Visual Studio Version 16
VisualStudioVersion = 16.0.30711.63
MinimumVisualStudioVersion = 10.0.40219.1
Project("{9A19103F-16F7-4668-BE54-9A1E7A4F7556}") = "WebApplication", "src\WebApplication\WebApplication.csproj", "{73D1DF82-3328-4862-9B50-65A7B13589F2}"
EndProject
Project("{9A19103F-16F7-4668-BE54-9A1E7A4F7556}") = "Extension", "src\Extension\Extension.csproj", "{A0DCD8BA-F8C0-454A-B081-0EF2BCE9ACFB}"
EndProject
Global
	GlobalSection(SolutionConfigurationPlatforms) = preSolution
		Debug|Any CPU = Debug|Any CPU
		Release|Any CPU = Release|Any CPU
	EndGlobalSection
	GlobalSection(ProjectConfigurationPlatforms) = postSolution
		{73D1DF82-3328-4862-9B50-65A7B13589F2}.Debug|Any CPU.ActiveCfg = Debug|Any CPU
		{73D1DF82-3328-4862-9B50-65A7B13589F2}.Debug|Any CPU.Build.0 = Debug|Any CPU
		{73D1DF82-3328-4862-9B50-65A7B13589F2}.Release|Any CPU.ActiveCfg = Release|Any CPU
		{73D1DF82-3328-4862-9B50-65A7B13589F2}.Release|Any CPU.Build.0 = Release|Any CPU
		{A0DCD8BA-F8C0-454A-B081-0EF2BCE9ACFB}.Debug|Any CPU.ActiveCfg = Debug|Any CPU
		{A0DCD8BA-F8C0-454A-B081-0EF2BCE9ACFB}.Debug|Any CPU.Build.0 = Debug|Any CPU
		{A0DCD8BA-F8C0-454A-B081-0EF2BCE9ACFB}.Release|Any CPU.ActiveCfg = Release|Any CPU
		{A0DCD8BA-F8C0-454A-B081-0EF2BCE9ACFB}.Release|Any CPU.Build.0 = Release|Any CPU
	EndGlobalSection
	GlobalSection(SolutionProperties) = preSolution
		HideSolutionNode = FALSE
	EndGlobalSection
	GlobalSection(ExtensibilityGlobals) = postSolution
		SolutionGuid = {8F95A9E8-3F89-4910-B0C3-7CB5FF753FB6}
	EndGlobalSection
EndGlobal
